
Microsoft Visual Studio Solution File, Format Version 12.00
# Visual Studio Version 16
VisualStudioVersion = 16.0.29911.84
MinimumVisualStudioVersion = 10.0.40219.1
Project("{FAE04EC0-301F-11D3-BF4B-00C04F79EFBC}") = "Ejercicio_10", "Ejercicio_10\Ejercicio_10.csproj", "{DE3F1DDF-9718-44B9-B0FA-430E3FE12284}"
EndProject
Project("{FAE04EC0-301F-11D3-BF4B-00C04F79EFBC}") = "Ejercicio_11", "Ejercicio_11\Ejercicio_11.csproj", "{F111FE30-8B89-46C1-8DD7-55276898BAA7}"
EndProject
Project("{FAE04EC0-301F-11D3-BF4B-00C04F79EFBC}") = "Ejercicio_12", "Ejercicio_12\Ejercicio_12.csproj", "{C4793225-2899-404B-9002-DD5520C35472}"
EndProject
Project("{FAE04EC0-301F-11D3-BF4B-00C04F79EFBC}") = "Ejercicio_13", "Ejercicio_13\Ejercicio_13.csproj", "{38734EE4-3A28-47E2-9EB8-A756C2683C90}"
EndProject
Project("{FAE04EC0-301F-11D3-BF4B-00C04F79EFBC}") = "Ejercicio_14", "Ejercicio_14\Ejercicio_14.csproj", "{5AD2F1CE-F38B-4534-BC07-E37798F04BE1}"
EndProject
Project("{FAE04EC0-301F-11D3-BF4B-00C04F79EFBC}") = "Ejercicio_16", "Ejercicio_16\Ejercicio_16.csproj", "{50586116-BA56-4B83-8978-6F8D16F4793C}"
EndProject
Project("{FAE04EC0-301F-11D3-BF4B-00C04F79EFBC}") = "Ejercicio_01", "Ejercicio_01\Ejercicio_01.csproj", "{65645A7D-FEB9-44BF-A822-FA3D06EFE0C1}"
EndProject
Project("{FAE04EC0-301F-11D3-BF4B-00C04F79EFBC}") = "Ejercicio_02", "Ejercicio_02\Ejercicio_02.csproj", "{79A2C50A-2E7A-4A47-AA86-C91B8C48A55B}"
EndProject
Project("{FAE04EC0-301F-11D3-BF4B-00C04F79EFBC}") = "Ejercicio_03", "Ejercicio_03\Ejercicio_03.csproj", "{71539C34-37DF-46AF-AFC6-A8A27ACF7AB6}"
EndProject
Project("{FAE04EC0-301F-11D3-BF4B-00C04F79EFBC}") = "Ejercicio_04", "Ejercicio_04\Ejercicio_04.csproj", "{9FD24F80-00C5-468E-81D2-FE5ED84C2583}"
EndProject
Project("{FAE04EC0-301F-11D3-BF4B-00C04F79EFBC}") = "Ejercicio_05", "Ejercicio_05\Ejercicio_05.csproj", "{2FB2A108-5E06-4A32-9DC4-7EC9EE2FFB06}"
EndProject
Project("{FAE04EC0-301F-11D3-BF4B-00C04F79EFBC}") = "Ejercicio_06", "Ejercicio_06\Ejercicio_06.csproj", "{25B8C277-9733-41A1-99A6-1E651882752C}"
EndProject
Project("{FAE04EC0-301F-11D3-BF4B-00C04F79EFBC}") = "Ejercicio_07", "Ejercicio_07\Ejercicio_07.csproj", "{F693F6BB-D7F8-446E-AD72-5BEEDA36425A}"
EndProject
Project("{FAE04EC0-301F-11D3-BF4B-00C04F79EFBC}") = "Ejercicio_09", "Ejercicio_09\Ejercicio_09.csproj", "{B04E8695-6752-4E6E-9A6C-8AEAD3874AB4}"
EndProject
Project("{FAE04EC0-301F-11D3-BF4B-00C04F79EFBC}") = "Ejercicio_08", "Ejercicio_08\Ejercicio_08.csproj", "{5F9881DD-B9AF-4ADD-B64E-D57ABA1994F5}"
EndProject
Project("{FAE04EC0-301F-11D3-BF4B-00C04F79EFBC}") = "Ejercicio_15", "Ejercicio_15\Ejercicio_15.csproj", "{D912A41A-F836-4DD7-8B2B-EA2024D156D7}"
EndProject
Project("{FAE04EC0-301F-11D3-BF4B-00C04F79EFBC}") = "Ejercicio_17", "Ejercicio_17\Ejercicio_17.csproj", "{D9DB5C3A-659B-4C67-878D-46DF9537B5FC}"
EndProject
Project("{FAE04EC0-301F-11D3-BF4B-00C04F79EFBC}") = "Ejercicio_18", "Ejercicio_18\Ejercicio_18.csproj", "{F0D2239B-5A87-455B-ACB0-95C81D468351}"
EndProject
Project("{FAE04EC0-301F-11D3-BF4B-00C04F79EFBC}") = "Ejercicio_19", "Ejercicio_19\Ejercicio_19.csproj", "{15C3287D-0986-466A-82D1-A231EE85BB66}"
EndProject
Project("{FAE04EC0-301F-11D3-BF4B-00C04F79EFBC}") = "Ejercicio_20", "Ejercicio_20\Ejercicio_20.csproj", "{DFFA08B3-4E28-47DF-AA11-4655160558E5}"
EndProject
Project("{FAE04EC0-301F-11D3-BF4B-00C04F79EFBC}") = "Ejercicio_21", "Ejercicio_21\Ejercicio_21.csproj", "{E7957D7D-DE1A-4A2B-8086-C1DC3BE2DCA4}"
EndProject
Project("{FAE04EC0-301F-11D3-BF4B-00C04F79EFBC}") = "Ejercicio_22", "Ejercicio_22\Ejercicio_22.csproj", "{F4201FFE-9854-49CC-BD4A-44B3DFA76B6B}"
EndProject
Project("{FAE04EC0-301F-11D3-BF4B-00C04F79EFBC}") = "Ejercicio_33", "Ejercicio_33\Ejercicio_33.csproj", "{67DD42AC-B786-403A-B44C-F5ACF5BB34C5}"
EndProject
Project("{FAE04EC0-301F-11D3-BF4B-00C04F79EFBC}") = "Ejercicio_23", "Ejercicio_23\Ejercicio_23.csproj", "{7973D611-AE9E-4851-A033-F42D0E0F1AF4}"
EndProject
Project("{FAE04EC0-301F-11D3-BF4B-00C04F79EFBC}") = "Ejercicio_26", "Ejercicio_26\Ejercicio_26.csproj", "{3104E9DD-8155-4D54-B8D5-E284B961CD92}"
EndProject
Project("{FAE04EC0-301F-11D3-BF4B-00C04F79EFBC}") = "Ejercicio_24", "Ejercicio_24\Ejercicio_24.csproj", "{55DE670E-3D25-485B-A20A-99272F241194}"
EndProject
Project("{FAE04EC0-301F-11D3-BF4B-00C04F79EFBC}") = "Ejercicio_25", "Ejercicio_25\Ejercicio_25.csproj", "{395737FD-E167-4AF0-9461-0ED79BB25B7B}"
EndProject
Project("{2150E333-8FDC-42A3-9474-1A3956D46DE8}") = "01- Conceptos básicos", "01- Conceptos básicos", "{FD7081C4-0544-4673-8811-1DA592C97DE0}"
EndProject
Project("{2150E333-8FDC-42A3-9474-1A3956D46DE8}") = "02- Métodos estáticos (de clase)", "02- Métodos estáticos (de clase)", "{B5CD7AC5-C073-49F5-9C1E-1667B1AC0A39}"
EndProject
Project("{2150E333-8FDC-42A3-9474-1A3956D46DE8}") = "03- Objetos", "03- Objetos", "{375C46A8-E235-4DD3-8D96-0410AF75546A}"
EndProject
Project("{2150E333-8FDC-42A3-9474-1A3956D46DE8}") = "04- Sobrecarga de operadores", "04- Sobrecarga de operadores", "{A53D34FE-93D1-4866-AD65-D02045254B79}"
EndProject
Project("{2150E333-8FDC-42A3-9474-1A3956D46DE8}") = "05- Form", "05- Form", "{32D5899E-CE19-467A-86CB-FCA972864BA9}"
EndProject
Project("{2150E333-8FDC-42A3-9474-1A3956D46DE8}") = "06- Arrays y colecciones", "06- Arrays y colecciones", "{15BE8F42-8B94-4BAE-A227-2D8BAD974393}"
EndProject
Project("{2150E333-8FDC-42A3-9474-1A3956D46DE8}") = "07- Encapsulamiento", "07- Encapsulamiento", "{BC1C115C-7982-42A3-B584-441A74DD4617}"
EndProject
Project("{2150E333-8FDC-42A3-9474-1A3956D46DE8}") = "08- Herencia", "08- Herencia", "{D2E3B316-38EA-4A24-856E-5903E17AB7E8}"
EndProject
Project("{2150E333-8FDC-42A3-9474-1A3956D46DE8}") = "09- Sobrecarga de métodos, polimorfismo, abstract y virtual", "09- Sobrecarga de métodos, polimorfismo, abstract y virtual", "{ADA514B8-85F6-4373-9707-5EE524B772F0}"
EndProject
Project("{FAE04EC0-301F-11D3-BF4B-00C04F79EFBC}") = "Ejercicio_27", "Ejercicio_27\Ejercicio_27.csproj", "{BBAF08AC-9DFA-492E-9822-964FF48E3F1C}"
EndProject
Project("{FAE04EC0-301F-11D3-BF4B-00C04F79EFBC}") = "Ejercicio_28", "Ejercicio_28\Ejercicio_28.csproj", "{7F0E0BEF-E80E-48CC-8D8D-DA391C68A9C3}"
EndProject
Project("{FAE04EC0-301F-11D3-BF4B-00C04F79EFBC}") = "Ejercicio_29", "Ejercicio_29\Ejercicio_29.csproj", "{B7039142-8460-4D17-8431-36EBFCFA068B}"
EndProject
Project("{FAE04EC0-301F-11D3-BF4B-00C04F79EFBC}") = "Ejercicio_30", "Ejercicio_30\Ejercicio_30.csproj", "{C01945E5-7DFA-4333-87BF-7BECB8093533}"
EndProject
Project("{FAE04EC0-301F-11D3-BF4B-00C04F79EFBC}") = "Ejercicio_31", "Ejercicio_31\Ejercicio_31.csproj", "{B568F296-5B3D-4BC6-A75A-5071020FF840}"
EndProject
Project("{FAE04EC0-301F-11D3-BF4B-00C04F79EFBC}") = "Ejercicio_32", "Ejercicio_32\Ejercicio_32.csproj", "{736B31B0-85D5-431F-BADA-82FE6433C5F9}"
EndProject
Project("{FAE04EC0-301F-11D3-BF4B-00C04F79EFBC}") = "Ejercicio_34", "Ejercicio_34\Ejercicio_34.csproj", "{6605A8E4-4B5D-4B04-9D4B-556238E746D4}"
EndProject
Project("{FAE04EC0-301F-11D3-BF4B-00C04F79EFBC}") = "Ejercicio_35", "Ejercicio_35\Ejercicio_35.csproj", "{2CA41F8A-BEDC-4F69-8C33-F33B12CB972A}"
EndProject
Project("{FAE04EC0-301F-11D3-BF4B-00C04F79EFBC}") = "Ejercicio_36", "Ejercicio_36\Ejercicio_36.csproj", "{E048AD97-2540-4FD8-960E-204D50851038}"
EndProject
Project("{FAE04EC0-301F-11D3-BF4B-00C04F79EFBC}") = "Ejercicio_38", "Ejercicio_38\Ejercicio_38.csproj", "{55136AC3-2A5C-47CE-A581-2F80EAE4C750}"
EndProject
Project("{FAE04EC0-301F-11D3-BF4B-00C04F79EFBC}") = "Ejercicio_39", "Ejercicio_39\Ejercicio_39.csproj", "{708E9860-48DE-4236-B6F8-A637FB46D97E}"
EndProject
Global
	GlobalSection(SolutionConfigurationPlatforms) = preSolution
		Debug|Any CPU = Debug|Any CPU
		Release|Any CPU = Release|Any CPU
	EndGlobalSection
	GlobalSection(ProjectConfigurationPlatforms) = postSolution
		{DE3F1DDF-9718-44B9-B0FA-430E3FE12284}.Debug|Any CPU.ActiveCfg = Debug|Any CPU
		{DE3F1DDF-9718-44B9-B0FA-430E3FE12284}.Debug|Any CPU.Build.0 = Debug|Any CPU
		{DE3F1DDF-9718-44B9-B0FA-430E3FE12284}.Release|Any CPU.ActiveCfg = Release|Any CPU
		{DE3F1DDF-9718-44B9-B0FA-430E3FE12284}.Release|Any CPU.Build.0 = Release|Any CPU
		{F111FE30-8B89-46C1-8DD7-55276898BAA7}.Debug|Any CPU.ActiveCfg = Debug|Any CPU
		{F111FE30-8B89-46C1-8DD7-55276898BAA7}.Debug|Any CPU.Build.0 = Debug|Any CPU
		{F111FE30-8B89-46C1-8DD7-55276898BAA7}.Release|Any CPU.ActiveCfg = Release|Any CPU
		{F111FE30-8B89-46C1-8DD7-55276898BAA7}.Release|Any CPU.Build.0 = Release|Any CPU
		{C4793225-2899-404B-9002-DD5520C35472}.Debug|Any CPU.ActiveCfg = Debug|Any CPU
		{C4793225-2899-404B-9002-DD5520C35472}.Debug|Any CPU.Build.0 = Debug|Any CPU
		{C4793225-2899-404B-9002-DD5520C35472}.Release|Any CPU.ActiveCfg = Release|Any CPU
		{C4793225-2899-404B-9002-DD5520C35472}.Release|Any CPU.Build.0 = Release|Any CPU
		{38734EE4-3A28-47E2-9EB8-A756C2683C90}.Debug|Any CPU.ActiveCfg = Debug|Any CPU
		{38734EE4-3A28-47E2-9EB8-A756C2683C90}.Debug|Any CPU.Build.0 = Debug|Any CPU
		{38734EE4-3A28-47E2-9EB8-A756C2683C90}.Release|Any CPU.ActiveCfg = Release|Any CPU
		{38734EE4-3A28-47E2-9EB8-A756C2683C90}.Release|Any CPU.Build.0 = Release|Any CPU
		{5AD2F1CE-F38B-4534-BC07-E37798F04BE1}.Debug|Any CPU.ActiveCfg = Debug|Any CPU
		{5AD2F1CE-F38B-4534-BC07-E37798F04BE1}.Debug|Any CPU.Build.0 = Debug|Any CPU
		{5AD2F1CE-F38B-4534-BC07-E37798F04BE1}.Release|Any CPU.ActiveCfg = Release|Any CPU
		{5AD2F1CE-F38B-4534-BC07-E37798F04BE1}.Release|Any CPU.Build.0 = Release|Any CPU
		{50586116-BA56-4B83-8978-6F8D16F4793C}.Debug|Any CPU.ActiveCfg = Debug|Any CPU
		{50586116-BA56-4B83-8978-6F8D16F4793C}.Debug|Any CPU.Build.0 = Debug|Any CPU
		{50586116-BA56-4B83-8978-6F8D16F4793C}.Release|Any CPU.ActiveCfg = Release|Any CPU
		{50586116-BA56-4B83-8978-6F8D16F4793C}.Release|Any CPU.Build.0 = Release|Any CPU
		{65645A7D-FEB9-44BF-A822-FA3D06EFE0C1}.Debug|Any CPU.ActiveCfg = Debug|Any CPU
		{65645A7D-FEB9-44BF-A822-FA3D06EFE0C1}.Debug|Any CPU.Build.0 = Debug|Any CPU
		{65645A7D-FEB9-44BF-A822-FA3D06EFE0C1}.Release|Any CPU.ActiveCfg = Release|Any CPU
		{65645A7D-FEB9-44BF-A822-FA3D06EFE0C1}.Release|Any CPU.Build.0 = Release|Any CPU
		{79A2C50A-2E7A-4A47-AA86-C91B8C48A55B}.Debug|Any CPU.ActiveCfg = Debug|Any CPU
		{79A2C50A-2E7A-4A47-AA86-C91B8C48A55B}.Debug|Any CPU.Build.0 = Debug|Any CPU
		{79A2C50A-2E7A-4A47-AA86-C91B8C48A55B}.Release|Any CPU.ActiveCfg = Release|Any CPU
		{79A2C50A-2E7A-4A47-AA86-C91B8C48A55B}.Release|Any CPU.Build.0 = Release|Any CPU
		{71539C34-37DF-46AF-AFC6-A8A27ACF7AB6}.Debug|Any CPU.ActiveCfg = Debug|Any CPU
		{71539C34-37DF-46AF-AFC6-A8A27ACF7AB6}.Debug|Any CPU.Build.0 = Debug|Any CPU
		{71539C34-37DF-46AF-AFC6-A8A27ACF7AB6}.Release|Any CPU.ActiveCfg = Release|Any CPU
		{71539C34-37DF-46AF-AFC6-A8A27ACF7AB6}.Release|Any CPU.Build.0 = Release|Any CPU
		{9FD24F80-00C5-468E-81D2-FE5ED84C2583}.Debug|Any CPU.ActiveCfg = Debug|Any CPU
		{9FD24F80-00C5-468E-81D2-FE5ED84C2583}.Debug|Any CPU.Build.0 = Debug|Any CPU
		{9FD24F80-00C5-468E-81D2-FE5ED84C2583}.Release|Any CPU.ActiveCfg = Release|Any CPU
		{9FD24F80-00C5-468E-81D2-FE5ED84C2583}.Release|Any CPU.Build.0 = Release|Any CPU
		{2FB2A108-5E06-4A32-9DC4-7EC9EE2FFB06}.Debug|Any CPU.ActiveCfg = Debug|Any CPU
		{2FB2A108-5E06-4A32-9DC4-7EC9EE2FFB06}.Debug|Any CPU.Build.0 = Debug|Any CPU
		{2FB2A108-5E06-4A32-9DC4-7EC9EE2FFB06}.Release|Any CPU.ActiveCfg = Release|Any CPU
		{2FB2A108-5E06-4A32-9DC4-7EC9EE2FFB06}.Release|Any CPU.Build.0 = Release|Any CPU
		{25B8C277-9733-41A1-99A6-1E651882752C}.Debug|Any CPU.ActiveCfg = Debug|Any CPU
		{25B8C277-9733-41A1-99A6-1E651882752C}.Debug|Any CPU.Build.0 = Debug|Any CPU
		{25B8C277-9733-41A1-99A6-1E651882752C}.Release|Any CPU.ActiveCfg = Release|Any CPU
		{25B8C277-9733-41A1-99A6-1E651882752C}.Release|Any CPU.Build.0 = Release|Any CPU
		{F693F6BB-D7F8-446E-AD72-5BEEDA36425A}.Debug|Any CPU.ActiveCfg = Debug|Any CPU
		{F693F6BB-D7F8-446E-AD72-5BEEDA36425A}.Debug|Any CPU.Build.0 = Debug|Any CPU
		{F693F6BB-D7F8-446E-AD72-5BEEDA36425A}.Release|Any CPU.ActiveCfg = Release|Any CPU
		{F693F6BB-D7F8-446E-AD72-5BEEDA36425A}.Release|Any CPU.Build.0 = Release|Any CPU
		{B04E8695-6752-4E6E-9A6C-8AEAD3874AB4}.Debug|Any CPU.ActiveCfg = Debug|Any CPU
		{B04E8695-6752-4E6E-9A6C-8AEAD3874AB4}.Debug|Any CPU.Build.0 = Debug|Any CPU
		{B04E8695-6752-4E6E-9A6C-8AEAD3874AB4}.Release|Any CPU.ActiveCfg = Release|Any CPU
		{B04E8695-6752-4E6E-9A6C-8AEAD3874AB4}.Release|Any CPU.Build.0 = Release|Any CPU
		{5F9881DD-B9AF-4ADD-B64E-D57ABA1994F5}.Debug|Any CPU.ActiveCfg = Debug|Any CPU
		{5F9881DD-B9AF-4ADD-B64E-D57ABA1994F5}.Debug|Any CPU.Build.0 = Debug|Any CPU
		{5F9881DD-B9AF-4ADD-B64E-D57ABA1994F5}.Release|Any CPU.ActiveCfg = Release|Any CPU
		{5F9881DD-B9AF-4ADD-B64E-D57ABA1994F5}.Release|Any CPU.Build.0 = Release|Any CPU
		{D912A41A-F836-4DD7-8B2B-EA2024D156D7}.Debug|Any CPU.ActiveCfg = Debug|Any CPU
		{D912A41A-F836-4DD7-8B2B-EA2024D156D7}.Debug|Any CPU.Build.0 = Debug|Any CPU
		{D912A41A-F836-4DD7-8B2B-EA2024D156D7}.Release|Any CPU.ActiveCfg = Release|Any CPU
		{D912A41A-F836-4DD7-8B2B-EA2024D156D7}.Release|Any CPU.Build.0 = Release|Any CPU
		{D9DB5C3A-659B-4C67-878D-46DF9537B5FC}.Debug|Any CPU.ActiveCfg = Debug|Any CPU
		{D9DB5C3A-659B-4C67-878D-46DF9537B5FC}.Debug|Any CPU.Build.0 = Debug|Any CPU
		{D9DB5C3A-659B-4C67-878D-46DF9537B5FC}.Release|Any CPU.ActiveCfg = Release|Any CPU
		{D9DB5C3A-659B-4C67-878D-46DF9537B5FC}.Release|Any CPU.Build.0 = Release|Any CPU
		{F0D2239B-5A87-455B-ACB0-95C81D468351}.Debug|Any CPU.ActiveCfg = Debug|Any CPU
		{F0D2239B-5A87-455B-ACB0-95C81D468351}.Debug|Any CPU.Build.0 = Debug|Any CPU
		{F0D2239B-5A87-455B-ACB0-95C81D468351}.Release|Any CPU.ActiveCfg = Release|Any CPU
		{F0D2239B-5A87-455B-ACB0-95C81D468351}.Release|Any CPU.Build.0 = Release|Any CPU
		{15C3287D-0986-466A-82D1-A231EE85BB66}.Debug|Any CPU.ActiveCfg = Debug|Any CPU
		{15C3287D-0986-466A-82D1-A231EE85BB66}.Debug|Any CPU.Build.0 = Debug|Any CPU
		{15C3287D-0986-466A-82D1-A231EE85BB66}.Release|Any CPU.ActiveCfg = Release|Any CPU
		{15C3287D-0986-466A-82D1-A231EE85BB66}.Release|Any CPU.Build.0 = Release|Any CPU
		{DFFA08B3-4E28-47DF-AA11-4655160558E5}.Debug|Any CPU.ActiveCfg = Debug|Any CPU
		{DFFA08B3-4E28-47DF-AA11-4655160558E5}.Debug|Any CPU.Build.0 = Debug|Any CPU
		{DFFA08B3-4E28-47DF-AA11-4655160558E5}.Release|Any CPU.ActiveCfg = Release|Any CPU
		{DFFA08B3-4E28-47DF-AA11-4655160558E5}.Release|Any CPU.Build.0 = Release|Any CPU
		{E7957D7D-DE1A-4A2B-8086-C1DC3BE2DCA4}.Debug|Any CPU.ActiveCfg = Debug|Any CPU
		{E7957D7D-DE1A-4A2B-8086-C1DC3BE2DCA4}.Debug|Any CPU.Build.0 = Debug|Any CPU
		{E7957D7D-DE1A-4A2B-8086-C1DC3BE2DCA4}.Release|Any CPU.ActiveCfg = Release|Any CPU
		{E7957D7D-DE1A-4A2B-8086-C1DC3BE2DCA4}.Release|Any CPU.Build.0 = Release|Any CPU
		{F4201FFE-9854-49CC-BD4A-44B3DFA76B6B}.Debug|Any CPU.ActiveCfg = Debug|Any CPU
		{F4201FFE-9854-49CC-BD4A-44B3DFA76B6B}.Debug|Any CPU.Build.0 = Debug|Any CPU
		{F4201FFE-9854-49CC-BD4A-44B3DFA76B6B}.Release|Any CPU.ActiveCfg = Release|Any CPU
		{F4201FFE-9854-49CC-BD4A-44B3DFA76B6B}.Release|Any CPU.Build.0 = Release|Any CPU
		{67DD42AC-B786-403A-B44C-F5ACF5BB34C5}.Debug|Any CPU.ActiveCfg = Debug|Any CPU
		{67DD42AC-B786-403A-B44C-F5ACF5BB34C5}.Debug|Any CPU.Build.0 = Debug|Any CPU
		{67DD42AC-B786-403A-B44C-F5ACF5BB34C5}.Release|Any CPU.ActiveCfg = Release|Any CPU
		{67DD42AC-B786-403A-B44C-F5ACF5BB34C5}.Release|Any CPU.Build.0 = Release|Any CPU
		{7973D611-AE9E-4851-A033-F42D0E0F1AF4}.Debug|Any CPU.ActiveCfg = Debug|Any CPU
		{7973D611-AE9E-4851-A033-F42D0E0F1AF4}.Debug|Any CPU.Build.0 = Debug|Any CPU
		{7973D611-AE9E-4851-A033-F42D0E0F1AF4}.Release|Any CPU.ActiveCfg = Release|Any CPU
		{7973D611-AE9E-4851-A033-F42D0E0F1AF4}.Release|Any CPU.Build.0 = Release|Any CPU
		{3104E9DD-8155-4D54-B8D5-E284B961CD92}.Debug|Any CPU.ActiveCfg = Debug|Any CPU
		{3104E9DD-8155-4D54-B8D5-E284B961CD92}.Debug|Any CPU.Build.0 = Debug|Any CPU
		{3104E9DD-8155-4D54-B8D5-E284B961CD92}.Release|Any CPU.ActiveCfg = Release|Any CPU
		{3104E9DD-8155-4D54-B8D5-E284B961CD92}.Release|Any CPU.Build.0 = Release|Any CPU
		{55DE670E-3D25-485B-A20A-99272F241194}.Debug|Any CPU.ActiveCfg = Debug|Any CPU
		{55DE670E-3D25-485B-A20A-99272F241194}.Debug|Any CPU.Build.0 = Debug|Any CPU
		{55DE670E-3D25-485B-A20A-99272F241194}.Release|Any CPU.ActiveCfg = Release|Any CPU
		{55DE670E-3D25-485B-A20A-99272F241194}.Release|Any CPU.Build.0 = Release|Any CPU
		{395737FD-E167-4AF0-9461-0ED79BB25B7B}.Debug|Any CPU.ActiveCfg = Debug|Any CPU
		{395737FD-E167-4AF0-9461-0ED79BB25B7B}.Debug|Any CPU.Build.0 = Debug|Any CPU
		{395737FD-E167-4AF0-9461-0ED79BB25B7B}.Release|Any CPU.ActiveCfg = Release|Any CPU
		{395737FD-E167-4AF0-9461-0ED79BB25B7B}.Release|Any CPU.Build.0 = Release|Any CPU
		{BBAF08AC-9DFA-492E-9822-964FF48E3F1C}.Debug|Any CPU.ActiveCfg = Debug|Any CPU
		{BBAF08AC-9DFA-492E-9822-964FF48E3F1C}.Debug|Any CPU.Build.0 = Debug|Any CPU
		{BBAF08AC-9DFA-492E-9822-964FF48E3F1C}.Release|Any CPU.ActiveCfg = Release|Any CPU
		{BBAF08AC-9DFA-492E-9822-964FF48E3F1C}.Release|Any CPU.Build.0 = Release|Any CPU
		{7F0E0BEF-E80E-48CC-8D8D-DA391C68A9C3}.Debug|Any CPU.ActiveCfg = Debug|Any CPU
		{7F0E0BEF-E80E-48CC-8D8D-DA391C68A9C3}.Debug|Any CPU.Build.0 = Debug|Any CPU
		{7F0E0BEF-E80E-48CC-8D8D-DA391C68A9C3}.Release|Any CPU.ActiveCfg = Release|Any CPU
		{7F0E0BEF-E80E-48CC-8D8D-DA391C68A9C3}.Release|Any CPU.Build.0 = Release|Any CPU
		{B7039142-8460-4D17-8431-36EBFCFA068B}.Debug|Any CPU.ActiveCfg = Debug|Any CPU
		{B7039142-8460-4D17-8431-36EBFCFA068B}.Debug|Any CPU.Build.0 = Debug|Any CPU
		{B7039142-8460-4D17-8431-36EBFCFA068B}.Release|Any CPU.ActiveCfg = Release|Any CPU
		{B7039142-8460-4D17-8431-36EBFCFA068B}.Release|Any CPU.Build.0 = Release|Any CPU
		{C01945E5-7DFA-4333-87BF-7BECB8093533}.Debug|Any CPU.ActiveCfg = Debug|Any CPU
		{C01945E5-7DFA-4333-87BF-7BECB8093533}.Debug|Any CPU.Build.0 = Debug|Any CPU
		{C01945E5-7DFA-4333-87BF-7BECB8093533}.Release|Any CPU.ActiveCfg = Release|Any CPU
		{C01945E5-7DFA-4333-87BF-7BECB8093533}.Release|Any CPU.Build.0 = Release|Any CPU
		{B568F296-5B3D-4BC6-A75A-5071020FF840}.Debug|Any CPU.ActiveCfg = Debug|Any CPU
		{B568F296-5B3D-4BC6-A75A-5071020FF840}.Debug|Any CPU.Build.0 = Debug|Any CPU
		{B568F296-5B3D-4BC6-A75A-5071020FF840}.Release|Any CPU.ActiveCfg = Release|Any CPU
		{B568F296-5B3D-4BC6-A75A-5071020FF840}.Release|Any CPU.Build.0 = Release|Any CPU
		{736B31B0-85D5-431F-BADA-82FE6433C5F9}.Debug|Any CPU.ActiveCfg = Debug|Any CPU
		{736B31B0-85D5-431F-BADA-82FE6433C5F9}.Debug|Any CPU.Build.0 = Debug|Any CPU
		{736B31B0-85D5-431F-BADA-82FE6433C5F9}.Release|Any CPU.ActiveCfg = Release|Any CPU
		{736B31B0-85D5-431F-BADA-82FE6433C5F9}.Release|Any CPU.Build.0 = Release|Any CPU
		{6605A8E4-4B5D-4B04-9D4B-556238E746D4}.Debug|Any CPU.ActiveCfg = Debug|Any CPU
		{6605A8E4-4B5D-4B04-9D4B-556238E746D4}.Debug|Any CPU.Build.0 = Debug|Any CPU
		{6605A8E4-4B5D-4B04-9D4B-556238E746D4}.Release|Any CPU.ActiveCfg = Release|Any CPU
		{6605A8E4-4B5D-4B04-9D4B-556238E746D4}.Release|Any CPU.Build.0 = Release|Any CPU
		{2CA41F8A-BEDC-4F69-8C33-F33B12CB972A}.Debug|Any CPU.ActiveCfg = Debug|Any CPU
		{2CA41F8A-BEDC-4F69-8C33-F33B12CB972A}.Debug|Any CPU.Build.0 = Debug|Any CPU
		{2CA41F8A-BEDC-4F69-8C33-F33B12CB972A}.Release|Any CPU.ActiveCfg = Release|Any CPU
		{2CA41F8A-BEDC-4F69-8C33-F33B12CB972A}.Release|Any CPU.Build.0 = Release|Any CPU
		{E048AD97-2540-4FD8-960E-204D50851038}.Debug|Any CPU.ActiveCfg = Debug|Any CPU
		{E048AD97-2540-4FD8-960E-204D50851038}.Debug|Any CPU.Build.0 = Debug|Any CPU
		{E048AD97-2540-4FD8-960E-204D50851038}.Release|Any CPU.ActiveCfg = Release|Any CPU
		{E048AD97-2540-4FD8-960E-204D50851038}.Release|Any CPU.Build.0 = Release|Any CPU
		{55136AC3-2A5C-47CE-A581-2F80EAE4C750}.Debug|Any CPU.ActiveCfg = Debug|Any CPU
		{55136AC3-2A5C-47CE-A581-2F80EAE4C750}.Debug|Any CPU.Build.0 = Debug|Any CPU
		{55136AC3-2A5C-47CE-A581-2F80EAE4C750}.Release|Any CPU.ActiveCfg = Release|Any CPU
		{55136AC3-2A5C-47CE-A581-2F80EAE4C750}.Release|Any CPU.Build.0 = Release|Any CPU
		{708E9860-48DE-4236-B6F8-A637FB46D97E}.Debug|Any CPU.ActiveCfg = Debug|Any CPU
		{708E9860-48DE-4236-B6F8-A637FB46D97E}.Debug|Any CPU.Build.0 = Debug|Any CPU
		{708E9860-48DE-4236-B6F8-A637FB46D97E}.Release|Any CPU.ActiveCfg = Release|Any CPU
		{708E9860-48DE-4236-B6F8-A637FB46D97E}.Release|Any CPU.Build.0 = Release|Any CPU
	EndGlobalSection
	GlobalSection(SolutionProperties) = preSolution
		HideSolutionNode = FALSE
	EndGlobalSection
	GlobalSection(NestedProjects) = preSolution
		{DE3F1DDF-9718-44B9-B0FA-430E3FE12284} = {FD7081C4-0544-4673-8811-1DA592C97DE0}
		{F111FE30-8B89-46C1-8DD7-55276898BAA7} = {B5CD7AC5-C073-49F5-9C1E-1667B1AC0A39}
		{C4793225-2899-404B-9002-DD5520C35472} = {B5CD7AC5-C073-49F5-9C1E-1667B1AC0A39}
		{38734EE4-3A28-47E2-9EB8-A756C2683C90} = {B5CD7AC5-C073-49F5-9C1E-1667B1AC0A39}
		{5AD2F1CE-F38B-4534-BC07-E37798F04BE1} = {B5CD7AC5-C073-49F5-9C1E-1667B1AC0A39}
		{50586116-BA56-4B83-8978-6F8D16F4793C} = {375C46A8-E235-4DD3-8D96-0410AF75546A}
		{65645A7D-FEB9-44BF-A822-FA3D06EFE0C1} = {FD7081C4-0544-4673-8811-1DA592C97DE0}
		{79A2C50A-2E7A-4A47-AA86-C91B8C48A55B} = {FD7081C4-0544-4673-8811-1DA592C97DE0}
		{71539C34-37DF-46AF-AFC6-A8A27ACF7AB6} = {FD7081C4-0544-4673-8811-1DA592C97DE0}
		{9FD24F80-00C5-468E-81D2-FE5ED84C2583} = {FD7081C4-0544-4673-8811-1DA592C97DE0}
		{2FB2A108-5E06-4A32-9DC4-7EC9EE2FFB06} = {FD7081C4-0544-4673-8811-1DA592C97DE0}
		{25B8C277-9733-41A1-99A6-1E651882752C} = {FD7081C4-0544-4673-8811-1DA592C97DE0}
		{F693F6BB-D7F8-446E-AD72-5BEEDA36425A} = {FD7081C4-0544-4673-8811-1DA592C97DE0}
		{B04E8695-6752-4E6E-9A6C-8AEAD3874AB4} = {FD7081C4-0544-4673-8811-1DA592C97DE0}
		{5F9881DD-B9AF-4ADD-B64E-D57ABA1994F5} = {FD7081C4-0544-4673-8811-1DA592C97DE0}
		{D912A41A-F836-4DD7-8B2B-EA2024D156D7} = {B5CD7AC5-C073-49F5-9C1E-1667B1AC0A39}
		{D9DB5C3A-659B-4C67-878D-46DF9537B5FC} = {375C46A8-E235-4DD3-8D96-0410AF75546A}
		{F0D2239B-5A87-455B-ACB0-95C81D468351} = {375C46A8-E235-4DD3-8D96-0410AF75546A}
		{15C3287D-0986-466A-82D1-A231EE85BB66} = {A53D34FE-93D1-4866-AD65-D02045254B79}
		{DFFA08B3-4E28-47DF-AA11-4655160558E5} = {A53D34FE-93D1-4866-AD65-D02045254B79}
		{E7957D7D-DE1A-4A2B-8086-C1DC3BE2DCA4} = {A53D34FE-93D1-4866-AD65-D02045254B79}
		{F4201FFE-9854-49CC-BD4A-44B3DFA76B6B} = {A53D34FE-93D1-4866-AD65-D02045254B79}
		{67DD42AC-B786-403A-B44C-F5ACF5BB34C5} = {BC1C115C-7982-42A3-B584-441A74DD4617}
		{7973D611-AE9E-4851-A033-F42D0E0F1AF4} = {32D5899E-CE19-467A-86CB-FCA972864BA9}
		{3104E9DD-8155-4D54-B8D5-E284B961CD92} = {15BE8F42-8B94-4BAE-A227-2D8BAD974393}
		{55DE670E-3D25-485B-A20A-99272F241194} = {32D5899E-CE19-467A-86CB-FCA972864BA9}
		{395737FD-E167-4AF0-9461-0ED79BB25B7B} = {32D5899E-CE19-467A-86CB-FCA972864BA9}
		{BBAF08AC-9DFA-492E-9822-964FF48E3F1C} = {15BE8F42-8B94-4BAE-A227-2D8BAD974393}
		{7F0E0BEF-E80E-48CC-8D8D-DA391C68A9C3} = {15BE8F42-8B94-4BAE-A227-2D8BAD974393}
		{B7039142-8460-4D17-8431-36EBFCFA068B} = {15BE8F42-8B94-4BAE-A227-2D8BAD974393}
		{C01945E5-7DFA-4333-87BF-7BECB8093533} = {15BE8F42-8B94-4BAE-A227-2D8BAD974393}
		{B568F296-5B3D-4BC6-A75A-5071020FF840} = {BC1C115C-7982-42A3-B584-441A74DD4617}
		{736B31B0-85D5-431F-BADA-82FE6433C5F9} = {BC1C115C-7982-42A3-B584-441A74DD4617}
		{6605A8E4-4B5D-4B04-9D4B-556238E746D4} = {D2E3B316-38EA-4A24-856E-5903E17AB7E8}
		{2CA41F8A-BEDC-4F69-8C33-F33B12CB972A} = {D2E3B316-38EA-4A24-856E-5903E17AB7E8}
		{E048AD97-2540-4FD8-960E-204D50851038} = {D2E3B316-38EA-4A24-856E-5903E17AB7E8}
		{55136AC3-2A5C-47CE-A581-2F80EAE4C750} = {ADA514B8-85F6-4373-9707-5EE524B772F0}
		{708E9860-48DE-4236-B6F8-A637FB46D97E} = {ADA514B8-85F6-4373-9707-5EE524B772F0}
	EndGlobalSection
	GlobalSection(ExtensibilityGlobals) = postSolution
		SolutionGuid = {7109699D-6304-48B5-A599-A83A2879BC1A}
	EndGlobalSection
EndGlobal
